// !$*UTF8*$!
{
	archiveVersion = 1;
	classes = {
	};
	objectVersion = 51;
	objects = {

/* Begin PBXBuildFile section */
		AF2FB0D242413C8EF4BD5479 /* Pods_AllTrailsLunchApp.framework in Frameworks */ = {isa = PBXBuildFile; fileRef = ADAA09FFBF2C79C406F7008D /* Pods_AllTrailsLunchApp.framework */; };
		C5BCDAF956B74593EE98A242 /* Pods_AllTrailsLunchAppTests.framework in Frameworks */ = {isa = PBXBuildFile; fileRef = 0BDF6FC6C62A0221539EFD91 /* Pods_AllTrailsLunchAppTests.framework */; };
		C62A73FAF5B3A650D25C3D65 /* Pods_AllTrailsLunchApp_AllTrailsLunchAppUITests.framework in Frameworks */ = {isa = PBXBuildFile; fileRef = 130E38DF8CC3F48A80FFE997 /* Pods_AllTrailsLunchApp_AllTrailsLunchAppUITests.framework */; };
		F201EBE024B501C400F68F1B /* ImageCache.swift in Sources */ = {isa = PBXBuildFile; fileRef = F201EBDF24B501C400F68F1B /* ImageCache.swift */; };
		F299C8A224B6888600F7A434 /* AddToListVC.swift in Sources */ = {isa = PBXBuildFile; fileRef = F299C8A124B6888600F7A434 /* AddToListVC.swift */; };
		F299C8AB24B6938A00F7A434 /* UIImageView+Extension.swift in Sources */ = {isa = PBXBuildFile; fileRef = F299C8AA24B6938A00F7A434 /* UIImageView+Extension.swift */; };
		F299C8AD24B693E400F7A434 /* PlaceCell.swift in Sources */ = {isa = PBXBuildFile; fileRef = F299C8AC24B693E400F7A434 /* PlaceCell.swift */; };
		F2C2D35224AFBB9C0057EB9A /* Proxima-Nova-Bold.otf in Resources */ = {isa = PBXBuildFile; fileRef = F2F5AA2424AF043C0098473A /* Proxima-Nova-Bold.otf */; };
		F2C2D35324AFBB9C0057EB9A /* Proxima-Nova-Regular.otf in Resources */ = {isa = PBXBuildFile; fileRef = F2F5AA2524AF043C0098473A /* Proxima-Nova-Regular.otf */; };
		F2C2D35524AFBFD20057EB9A /* UIColor+Extension.swift in Sources */ = {isa = PBXBuildFile; fileRef = F2C2D35424AFBFD20057EB9A /* UIColor+Extension.swift */; };
		F2C2D35724AFBFE10057EB9A /* UIFont+Extension.swift in Sources */ = {isa = PBXBuildFile; fileRef = F2C2D35624AFBFE10057EB9A /* UIFont+Extension.swift */; };
		F2C2D35B24B0F2A30057EB9A /* Error.swift in Sources */ = {isa = PBXBuildFile; fileRef = F2C2D35A24B0F2A30057EB9A /* Error.swift */; };
		F2C2D35D24B286EA0057EB9A /* PlaceMarker.swift in Sources */ = {isa = PBXBuildFile; fileRef = F2C2D35C24B286EA0057EB9A /* PlaceMarker.swift */; };
		F2E1880624AE9C8800A2D8D6 /* AppDelegate.swift in Sources */ = {isa = PBXBuildFile; fileRef = F2E1880524AE9C8800A2D8D6 /* AppDelegate.swift */; };
		F2E1880824AE9C8800A2D8D6 /* SceneDelegate.swift in Sources */ = {isa = PBXBuildFile; fileRef = F2E1880724AE9C8800A2D8D6 /* SceneDelegate.swift */; };
		F2E1881224AE9C8A00A2D8D6 /* LaunchScreen.storyboard in Resources */ = {isa = PBXBuildFile; fileRef = F2E1881024AE9C8A00A2D8D6 /* LaunchScreen.storyboard */; };
		F2E1881D24AE9C8A00A2D8D6 /* AllTrailsLunchAppTests.swift in Sources */ = {isa = PBXBuildFile; fileRef = F2E1881C24AE9C8A00A2D8D6 /* AllTrailsLunchAppTests.swift */; };
		F2E1882824AE9C8A00A2D8D6 /* AllTrailsLunchAppUITests.swift in Sources */ = {isa = PBXBuildFile; fileRef = F2E1882724AE9C8A00A2D8D6 /* AllTrailsLunchAppUITests.swift */; };
		F2E1883D24AE9CBF00A2D8D6 /* Place.swift in Sources */ = {isa = PBXBuildFile; fileRef = F2E1883524AE9CBE00A2D8D6 /* Place.swift */; };
		F2E1883E24AE9CBF00A2D8D6 /* APIKeys.plist in Resources */ = {isa = PBXBuildFile; fileRef = F2E1883624AE9CBE00A2D8D6 /* APIKeys.plist */; };
		F2E1883F24AE9CBF00A2D8D6 /* GooglePlacesClient.swift in Sources */ = {isa = PBXBuildFile; fileRef = F2E1883724AE9CBF00A2D8D6 /* GooglePlacesClient.swift */; };
		F2E1884024AE9CBF00A2D8D6 /* Main.storyboard in Resources */ = {isa = PBXBuildFile; fileRef = F2E1883824AE9CBF00A2D8D6 /* Main.storyboard */; };
		F2E1884124AE9CBF00A2D8D6 /* MapAndListVC.swift in Sources */ = {isa = PBXBuildFile; fileRef = F2E1883924AE9CBF00A2D8D6 /* MapAndListVC.swift */; };
		F2E1884224AE9CBF00A2D8D6 /* Colors.xcassets in Resources */ = {isa = PBXBuildFile; fileRef = F2E1883A24AE9CBF00A2D8D6 /* Colors.xcassets */; };
		F2E1884424AE9CBF00A2D8D6 /* LocationTracker.swift in Sources */ = {isa = PBXBuildFile; fileRef = F2E1883C24AE9CBF00A2D8D6 /* LocationTracker.swift */; };
		F2E1884624AE9DE800A2D8D6 /* Assets.xcassets in Resources */ = {isa = PBXBuildFile; fileRef = F2E1884524AE9DE800A2D8D6 /* Assets.xcassets */; };
		F2F5AA1F24AEA7DD0098473A /* GoogleMapsClient.swift in Sources */ = {isa = PBXBuildFile; fileRef = F2F5AA1E24AEA7DD0098473A /* GoogleMapsClient.swift */; };
		F2F5AA2124AEAF8C0098473A /* APIKeys.swift in Sources */ = {isa = PBXBuildFile; fileRef = F2F5AA2024AEAF8C0098473A /* APIKeys.swift */; };
		F2F5AA2324AF02C80098473A /* UIView+Extension.swift in Sources */ = {isa = PBXBuildFile; fileRef = F2F5AA2224AF02C80098473A /* UIView+Extension.swift */; };
		F2F5AA2824AFA27E0098473A /* UINavigationController+Extension.swift in Sources */ = {isa = PBXBuildFile; fileRef = F2F5AA2724AFA27E0098473A /* UINavigationController+Extension.swift */; };
/* End PBXBuildFile section */

/* Begin PBXContainerItemProxy section */
		F2E1881924AE9C8A00A2D8D6 /* PBXContainerItemProxy */ = {
			isa = PBXContainerItemProxy;
			containerPortal = F2E187FA24AE9C8800A2D8D6 /* Project object */;
			proxyType = 1;
			remoteGlobalIDString = F2E1880124AE9C8800A2D8D6;
			remoteInfo = AllTrailsLunchApp;
		};
		F2E1882424AE9C8A00A2D8D6 /* PBXContainerItemProxy */ = {
			isa = PBXContainerItemProxy;
			containerPortal = F2E187FA24AE9C8800A2D8D6 /* Project object */;
			proxyType = 1;
			remoteGlobalIDString = F2E1880124AE9C8800A2D8D6;
			remoteInfo = AllTrailsLunchApp;
		};
/* End PBXContainerItemProxy section */

/* Begin PBXFileReference section */
		037D58FA5A8118AC0BB12F1C /* Pods-AllTrailsLunchAppTests.debug.xcconfig */ = {isa = PBXFileReference; includeInIndex = 1; lastKnownFileType = text.xcconfig; name = "Pods-AllTrailsLunchAppTests.debug.xcconfig"; path = "Target Support Files/Pods-AllTrailsLunchAppTests/Pods-AllTrailsLunchAppTests.debug.xcconfig"; sourceTree = "<group>"; };
		0BDF6FC6C62A0221539EFD91 /* Pods_AllTrailsLunchAppTests.framework */ = {isa = PBXFileReference; explicitFileType = wrapper.framework; includeInIndex = 0; path = Pods_AllTrailsLunchAppTests.framework; sourceTree = BUILT_PRODUCTS_DIR; };
		130E38DF8CC3F48A80FFE997 /* Pods_AllTrailsLunchApp_AllTrailsLunchAppUITests.framework */ = {isa = PBXFileReference; explicitFileType = wrapper.framework; includeInIndex = 0; path = Pods_AllTrailsLunchApp_AllTrailsLunchAppUITests.framework; sourceTree = BUILT_PRODUCTS_DIR; };
		1DA85654C142CBA86626BC6D /* Pods-AllTrailsLunchAppTests.release.xcconfig */ = {isa = PBXFileReference; includeInIndex = 1; lastKnownFileType = text.xcconfig; name = "Pods-AllTrailsLunchAppTests.release.xcconfig"; path = "Target Support Files/Pods-AllTrailsLunchAppTests/Pods-AllTrailsLunchAppTests.release.xcconfig"; sourceTree = "<group>"; };
		50B17E32565838F6BDBB0B96 /* Pods-AllTrailsLunchApp-AllTrailsLunchAppUITests.release.xcconfig */ = {isa = PBXFileReference; includeInIndex = 1; lastKnownFileType = text.xcconfig; name = "Pods-AllTrailsLunchApp-AllTrailsLunchAppUITests.release.xcconfig"; path = "Target Support Files/Pods-AllTrailsLunchApp-AllTrailsLunchAppUITests/Pods-AllTrailsLunchApp-AllTrailsLunchAppUITests.release.xcconfig"; sourceTree = "<group>"; };
		80C7899A62F2F17FB54355C7 /* Pods-AllTrailsLunchApp.release.xcconfig */ = {isa = PBXFileReference; includeInIndex = 1; lastKnownFileType = text.xcconfig; name = "Pods-AllTrailsLunchApp.release.xcconfig"; path = "Target Support Files/Pods-AllTrailsLunchApp/Pods-AllTrailsLunchApp.release.xcconfig"; sourceTree = "<group>"; };
		A29BF03C3EEE6692135B6CD3 /* Pods-AllTrailsLunchApp.debug.xcconfig */ = {isa = PBXFileReference; includeInIndex = 1; lastKnownFileType = text.xcconfig; name = "Pods-AllTrailsLunchApp.debug.xcconfig"; path = "Target Support Files/Pods-AllTrailsLunchApp/Pods-AllTrailsLunchApp.debug.xcconfig"; sourceTree = "<group>"; };
		ADAA09FFBF2C79C406F7008D /* Pods_AllTrailsLunchApp.framework */ = {isa = PBXFileReference; explicitFileType = wrapper.framework; includeInIndex = 0; path = Pods_AllTrailsLunchApp.framework; sourceTree = BUILT_PRODUCTS_DIR; };
		B95F996F54C4958AE8C0D467 /* Pods-AllTrailsLunchApp-AllTrailsLunchAppUITests.debug.xcconfig */ = {isa = PBXFileReference; includeInIndex = 1; lastKnownFileType = text.xcconfig; name = "Pods-AllTrailsLunchApp-AllTrailsLunchAppUITests.debug.xcconfig"; path = "Target Support Files/Pods-AllTrailsLunchApp-AllTrailsLunchAppUITests/Pods-AllTrailsLunchApp-AllTrailsLunchAppUITests.debug.xcconfig"; sourceTree = "<group>"; };
		F201EBDF24B501C400F68F1B /* ImageCache.swift */ = {isa = PBXFileReference; lastKnownFileType = sourcecode.swift; path = ImageCache.swift; sourceTree = "<group>"; };
		F299C8A124B6888600F7A434 /* AddToListVC.swift */ = {isa = PBXFileReference; lastKnownFileType = sourcecode.swift; path = AddToListVC.swift; sourceTree = "<group>"; };
		F299C8AA24B6938A00F7A434 /* UIImageView+Extension.swift */ = {isa = PBXFileReference; lastKnownFileType = sourcecode.swift; path = "UIImageView+Extension.swift"; sourceTree = "<group>"; };
		F299C8AC24B693E400F7A434 /* PlaceCell.swift */ = {isa = PBXFileReference; lastKnownFileType = sourcecode.swift; path = PlaceCell.swift; sourceTree = "<group>"; };
		F2C2D35424AFBFD20057EB9A /* UIColor+Extension.swift */ = {isa = PBXFileReference; lastKnownFileType = sourcecode.swift; path = "UIColor+Extension.swift"; sourceTree = "<group>"; };
		F2C2D35624AFBFE10057EB9A /* UIFont+Extension.swift */ = {isa = PBXFileReference; lastKnownFileType = sourcecode.swift; path = "UIFont+Extension.swift"; sourceTree = "<group>"; };
		F2C2D35A24B0F2A30057EB9A /* Error.swift */ = {isa = PBXFileReference; lastKnownFileType = sourcecode.swift; path = Error.swift; sourceTree = "<group>"; };
		F2C2D35C24B286EA0057EB9A /* PlaceMarker.swift */ = {isa = PBXFileReference; lastKnownFileType = sourcecode.swift; path = PlaceMarker.swift; sourceTree = "<group>"; };
		F2E1880224AE9C8800A2D8D6 /* AllTrailsLunchApp.app */ = {isa = PBXFileReference; explicitFileType = wrapper.application; includeInIndex = 0; path = AllTrailsLunchApp.app; sourceTree = BUILT_PRODUCTS_DIR; };
		F2E1880524AE9C8800A2D8D6 /* AppDelegate.swift */ = {isa = PBXFileReference; lastKnownFileType = sourcecode.swift; path = AppDelegate.swift; sourceTree = "<group>"; };
		F2E1880724AE9C8800A2D8D6 /* SceneDelegate.swift */ = {isa = PBXFileReference; lastKnownFileType = sourcecode.swift; path = SceneDelegate.swift; sourceTree = "<group>"; };
		F2E1881124AE9C8A00A2D8D6 /* Base */ = {isa = PBXFileReference; lastKnownFileType = file.storyboard; name = Base; path = Base.lproj/LaunchScreen.storyboard; sourceTree = "<group>"; };
		F2E1881324AE9C8A00A2D8D6 /* Info.plist */ = {isa = PBXFileReference; lastKnownFileType = text.plist.xml; path = Info.plist; sourceTree = "<group>"; };
		F2E1881824AE9C8A00A2D8D6 /* AllTrailsLunchAppTests.xctest */ = {isa = PBXFileReference; explicitFileType = wrapper.cfbundle; includeInIndex = 0; path = AllTrailsLunchAppTests.xctest; sourceTree = BUILT_PRODUCTS_DIR; };
		F2E1881C24AE9C8A00A2D8D6 /* AllTrailsLunchAppTests.swift */ = {isa = PBXFileReference; lastKnownFileType = sourcecode.swift; path = AllTrailsLunchAppTests.swift; sourceTree = "<group>"; };
		F2E1881E24AE9C8A00A2D8D6 /* Info.plist */ = {isa = PBXFileReference; lastKnownFileType = text.plist.xml; path = Info.plist; sourceTree = "<group>"; };
		F2E1882324AE9C8A00A2D8D6 /* AllTrailsLunchAppUITests.xctest */ = {isa = PBXFileReference; explicitFileType = wrapper.cfbundle; includeInIndex = 0; path = AllTrailsLunchAppUITests.xctest; sourceTree = BUILT_PRODUCTS_DIR; };
		F2E1882724AE9C8A00A2D8D6 /* AllTrailsLunchAppUITests.swift */ = {isa = PBXFileReference; lastKnownFileType = sourcecode.swift; path = AllTrailsLunchAppUITests.swift; sourceTree = "<group>"; };
		F2E1882924AE9C8A00A2D8D6 /* Info.plist */ = {isa = PBXFileReference; lastKnownFileType = text.plist.xml; path = Info.plist; sourceTree = "<group>"; };
		F2E1883524AE9CBE00A2D8D6 /* Place.swift */ = {isa = PBXFileReference; fileEncoding = 4; lastKnownFileType = sourcecode.swift; path = Place.swift; sourceTree = "<group>"; };
		F2E1883624AE9CBE00A2D8D6 /* APIKeys.plist */ = {isa = PBXFileReference; fileEncoding = 4; lastKnownFileType = text.plist.xml; path = APIKeys.plist; sourceTree = "<group>"; };
		F2E1883724AE9CBF00A2D8D6 /* GooglePlacesClient.swift */ = {isa = PBXFileReference; fileEncoding = 4; lastKnownFileType = sourcecode.swift; path = GooglePlacesClient.swift; sourceTree = "<group>"; };
		F2E1883824AE9CBF00A2D8D6 /* Main.storyboard */ = {isa = PBXFileReference; fileEncoding = 4; lastKnownFileType = file.storyboard; path = Main.storyboard; sourceTree = "<group>"; };
		F2E1883924AE9CBF00A2D8D6 /* MapAndListVC.swift */ = {isa = PBXFileReference; fileEncoding = 4; lastKnownFileType = sourcecode.swift; path = MapAndListVC.swift; sourceTree = "<group>"; };
		F2E1883A24AE9CBF00A2D8D6 /* Colors.xcassets */ = {isa = PBXFileReference; lastKnownFileType = folder.assetcatalog; path = Colors.xcassets; sourceTree = "<group>"; };
		F2E1883C24AE9CBF00A2D8D6 /* LocationTracker.swift */ = {isa = PBXFileReference; fileEncoding = 4; lastKnownFileType = sourcecode.swift; path = LocationTracker.swift; sourceTree = "<group>"; };
		F2E1884524AE9DE800A2D8D6 /* Assets.xcassets */ = {isa = PBXFileReference; lastKnownFileType = folder.assetcatalog; path = Assets.xcassets; sourceTree = "<group>"; };
		F2F5AA1E24AEA7DD0098473A /* GoogleMapsClient.swift */ = {isa = PBXFileReference; lastKnownFileType = sourcecode.swift; path = GoogleMapsClient.swift; sourceTree = "<group>"; };
		F2F5AA2024AEAF8C0098473A /* APIKeys.swift */ = {isa = PBXFileReference; lastKnownFileType = sourcecode.swift; path = APIKeys.swift; sourceTree = "<group>"; };
		F2F5AA2224AF02C80098473A /* UIView+Extension.swift */ = {isa = PBXFileReference; lastKnownFileType = sourcecode.swift; path = "UIView+Extension.swift"; sourceTree = "<group>"; };
		F2F5AA2424AF043C0098473A /* Proxima-Nova-Bold.otf */ = {isa = PBXFileReference; lastKnownFileType = file; path = "Proxima-Nova-Bold.otf"; sourceTree = "<group>"; };
		F2F5AA2524AF043C0098473A /* Proxima-Nova-Regular.otf */ = {isa = PBXFileReference; lastKnownFileType = file; path = "Proxima-Nova-Regular.otf"; sourceTree = "<group>"; };
		F2F5AA2724AFA27E0098473A /* UINavigationController+Extension.swift */ = {isa = PBXFileReference; lastKnownFileType = sourcecode.swift; path = "UINavigationController+Extension.swift"; sourceTree = "<group>"; };
/* End PBXFileReference section */

/* Begin PBXFrameworksBuildPhase section */
		F2E187FF24AE9C8800A2D8D6 /* Frameworks */ = {
			isa = PBXFrameworksBuildPhase;
			buildActionMask = 2147483647;
			files = (
				AF2FB0D242413C8EF4BD5479 /* Pods_AllTrailsLunchApp.framework in Frameworks */,
			);
			runOnlyForDeploymentPostprocessing = 0;
		};
		F2E1881524AE9C8A00A2D8D6 /* Frameworks */ = {
			isa = PBXFrameworksBuildPhase;
			buildActionMask = 2147483647;
			files = (
				C5BCDAF956B74593EE98A242 /* Pods_AllTrailsLunchAppTests.framework in Frameworks */,
			);
			runOnlyForDeploymentPostprocessing = 0;
		};
		F2E1882024AE9C8A00A2D8D6 /* Frameworks */ = {
			isa = PBXFrameworksBuildPhase;
			buildActionMask = 2147483647;
			files = (
				C62A73FAF5B3A650D25C3D65 /* Pods_AllTrailsLunchApp_AllTrailsLunchAppUITests.framework in Frameworks */,
			);
			runOnlyForDeploymentPostprocessing = 0;
		};
/* End PBXFrameworksBuildPhase section */

/* Begin PBXGroup section */
		054EA62BACC23A4CAAE43AF0 /* Pods */ = {
			isa = PBXGroup;
			children = (
				A29BF03C3EEE6692135B6CD3 /* Pods-AllTrailsLunchApp.debug.xcconfig */,
				80C7899A62F2F17FB54355C7 /* Pods-AllTrailsLunchApp.release.xcconfig */,
				B95F996F54C4958AE8C0D467 /* Pods-AllTrailsLunchApp-AllTrailsLunchAppUITests.debug.xcconfig */,
				50B17E32565838F6BDBB0B96 /* Pods-AllTrailsLunchApp-AllTrailsLunchAppUITests.release.xcconfig */,
				037D58FA5A8118AC0BB12F1C /* Pods-AllTrailsLunchAppTests.debug.xcconfig */,
				1DA85654C142CBA86626BC6D /* Pods-AllTrailsLunchAppTests.release.xcconfig */,
			);
			path = Pods;
			sourceTree = "<group>";
		};
		8DE5CB46A4AE89478F9AF8A8 /* Frameworks */ = {
			isa = PBXGroup;
			children = (
				ADAA09FFBF2C79C406F7008D /* Pods_AllTrailsLunchApp.framework */,
				130E38DF8CC3F48A80FFE997 /* Pods_AllTrailsLunchApp_AllTrailsLunchAppUITests.framework */,
				0BDF6FC6C62A0221539EFD91 /* Pods_AllTrailsLunchAppTests.framework */,
			);
			name = Frameworks;
			sourceTree = "<group>";
		};
		F299C8A324B6891500F7A434 /* Model */ = {
			isa = PBXGroup;
			children = (
				F2C2D35C24B286EA0057EB9A /* PlaceMarker.swift */,
				F2E1883524AE9CBE00A2D8D6 /* Place.swift */,
			);
			path = Model;
			sourceTree = "<group>";
		};
		F299C8A824B6917A00F7A434 /* VCs and Cells */ = {
			isa = PBXGroup;
			children = (
				F2E1883924AE9CBF00A2D8D6 /* MapAndListVC.swift */,
				F299C8AC24B693E400F7A434 /* PlaceCell.swift */,
				F299C8A124B6888600F7A434 /* AddToListVC.swift */,
			);
			path = "VCs and Cells";
			sourceTree = "<group>";
		};
		F299C8A924B691C500F7A434 /* Util */ = {
			isa = PBXGroup;
			children = (
				F2E1883C24AE9CBF00A2D8D6 /* LocationTracker.swift */,
				F201EBDF24B501C400F68F1B /* ImageCache.swift */,
				F2C2D35A24B0F2A30057EB9A /* Error.swift */,
			);
			path = Util;
			sourceTree = "<group>";
		};
		F2C2D35924AFC3B40057EB9A /* Extensions */ = {
			isa = PBXGroup;
			children = (
				F2C2D35424AFBFD20057EB9A /* UIColor+Extension.swift */,
				F299C8AA24B6938A00F7A434 /* UIImageView+Extension.swift */,
				F2C2D35624AFBFE10057EB9A /* UIFont+Extension.swift */,
				F2F5AA2724AFA27E0098473A /* UINavigationController+Extension.swift */,
				F2F5AA2224AF02C80098473A /* UIView+Extension.swift */,
			);
			path = Extensions;
			sourceTree = "<group>";
		};
		F2E187F924AE9C8800A2D8D6 = {
			isa = PBXGroup;
			children = (
				F2E1880424AE9C8800A2D8D6 /* AllTrailsLunchApp */,
				F2E1881B24AE9C8A00A2D8D6 /* AllTrailsLunchAppTests */,
				F2E1882624AE9C8A00A2D8D6 /* AllTrailsLunchAppUITests */,
				F2E1880324AE9C8800A2D8D6 /* Products */,
				054EA62BACC23A4CAAE43AF0 /* Pods */,
				8DE5CB46A4AE89478F9AF8A8 /* Frameworks */,
			);
			sourceTree = "<group>";
		};
		F2E1880324AE9C8800A2D8D6 /* Products */ = {
			isa = PBXGroup;
			children = (
				F2E1880224AE9C8800A2D8D6 /* AllTrailsLunchApp.app */,
				F2E1881824AE9C8A00A2D8D6 /* AllTrailsLunchAppTests.xctest */,
				F2E1882324AE9C8A00A2D8D6 /* AllTrailsLunchAppUITests.xctest */,
			);
			name = Products;
			sourceTree = "<group>";
		};
		F2E1880424AE9C8800A2D8D6 /* AllTrailsLunchApp */ = {
			isa = PBXGroup;
			children = (
				F2E1881324AE9C8A00A2D8D6 /* Info.plist */,
				F2E1883624AE9CBE00A2D8D6 /* APIKeys.plist */,
				F2F5AA2024AEAF8C0098473A /* APIKeys.swift */,
				F2E1880524AE9C8800A2D8D6 /* AppDelegate.swift */,
				F2E1880724AE9C8800A2D8D6 /* SceneDelegate.swift */,
				F299C8A324B6891500F7A434 /* Model */,
				F299C8A824B6917A00F7A434 /* VCs and Cells */,
				F299C8A924B691C500F7A434 /* Util */,
				F2F5AA2924AFA3140098473A /* Clients */,
				F2C2D35924AFC3B40057EB9A /* Extensions */,
				F2F5AA2624AF04480098473A /* Fonts */,
				F2E1883824AE9CBF00A2D8D6 /* Main.storyboard */,
				F2E1881024AE9C8A00A2D8D6 /* LaunchScreen.storyboard */,
				F2E1884524AE9DE800A2D8D6 /* Assets.xcassets */,
				F2E1883A24AE9CBF00A2D8D6 /* Colors.xcassets */,
			);
			path = AllTrailsLunchApp;
			sourceTree = "<group>";
		};
		F2E1881B24AE9C8A00A2D8D6 /* AllTrailsLunchAppTests */ = {
			isa = PBXGroup;
			children = (
				F2E1881C24AE9C8A00A2D8D6 /* AllTrailsLunchAppTests.swift */,
				F2E1881E24AE9C8A00A2D8D6 /* Info.plist */,
			);
			path = AllTrailsLunchAppTests;
			sourceTree = "<group>";
		};
		F2E1882624AE9C8A00A2D8D6 /* AllTrailsLunchAppUITests */ = {
			isa = PBXGroup;
			children = (
				F2E1882724AE9C8A00A2D8D6 /* AllTrailsLunchAppUITests.swift */,
				F2E1882924AE9C8A00A2D8D6 /* Info.plist */,
			);
			path = AllTrailsLunchAppUITests;
			sourceTree = "<group>";
		};
		F2F5AA2624AF04480098473A /* Fonts */ = {
			isa = PBXGroup;
			children = (
				F2F5AA2424AF043C0098473A /* Proxima-Nova-Bold.otf */,
				F2F5AA2524AF043C0098473A /* Proxima-Nova-Regular.otf */,
			);
			path = Fonts;
			sourceTree = "<group>";
		};
		F2F5AA2924AFA3140098473A /* Clients */ = {
			isa = PBXGroup;
			children = (
				F2F5AA1E24AEA7DD0098473A /* GoogleMapsClient.swift */,
				F2E1883724AE9CBF00A2D8D6 /* GooglePlacesClient.swift */,
			);
			path = Clients;
			sourceTree = "<group>";
		};
/* End PBXGroup section */

/* Begin PBXNativeTarget section */
		F2E1880124AE9C8800A2D8D6 /* AllTrailsLunchApp */ = {
			isa = PBXNativeTarget;
			buildConfigurationList = F2E1882C24AE9C8A00A2D8D6 /* Build configuration list for PBXNativeTarget "AllTrailsLunchApp" */;
			buildPhases = (
				FBFECBA2AFC0E34986B4E9A6 /* [CP] Check Pods Manifest.lock */,
				F2E187FE24AE9C8800A2D8D6 /* Sources */,
				F2E187FF24AE9C8800A2D8D6 /* Frameworks */,
				F2E1880024AE9C8800A2D8D6 /* Resources */,
				EBA9AE1EA3A72CC184184FE9 /* [CP] Copy Pods Resources */,
				C30FA1D51A40800C3E92D6A0 /* [CP] Embed Pods Frameworks */,
			);
			buildRules = (
			);
			dependencies = (
			);
			name = AllTrailsLunchApp;
			productName = AllTrailsLunchApp;
			productReference = F2E1880224AE9C8800A2D8D6 /* AllTrailsLunchApp.app */;
			productType = "com.apple.product-type.application";
		};
		F2E1881724AE9C8A00A2D8D6 /* AllTrailsLunchAppTests */ = {
			isa = PBXNativeTarget;
			buildConfigurationList = F2E1882F24AE9C8A00A2D8D6 /* Build configuration list for PBXNativeTarget "AllTrailsLunchAppTests" */;
			buildPhases = (
				FE77A1C937151B311156139C /* [CP] Check Pods Manifest.lock */,
				F2E1881424AE9C8A00A2D8D6 /* Sources */,
				F2E1881524AE9C8A00A2D8D6 /* Frameworks */,
				F2E1881624AE9C8A00A2D8D6 /* Resources */,
			);
			buildRules = (
			);
			dependencies = (
				F2E1881A24AE9C8A00A2D8D6 /* PBXTargetDependency */,
			);
			name = AllTrailsLunchAppTests;
			productName = AllTrailsLunchAppTests;
			productReference = F2E1881824AE9C8A00A2D8D6 /* AllTrailsLunchAppTests.xctest */;
			productType = "com.apple.product-type.bundle.unit-test";
		};
		F2E1882224AE9C8A00A2D8D6 /* AllTrailsLunchAppUITests */ = {
			isa = PBXNativeTarget;
			buildConfigurationList = F2E1883224AE9C8A00A2D8D6 /* Build configuration list for PBXNativeTarget "AllTrailsLunchAppUITests" */;
			buildPhases = (
				D60FAE948F7BDFE7086F855B /* [CP] Check Pods Manifest.lock */,
				F2E1881F24AE9C8A00A2D8D6 /* Sources */,
				F2E1882024AE9C8A00A2D8D6 /* Frameworks */,
				F2E1882124AE9C8A00A2D8D6 /* Resources */,
				A8361433F238F10A8A7FB759 /* [CP] Copy Pods Resources */,
				EBC3C5B450D1E0AB95ADD67E /* [CP] Embed Pods Frameworks */,
			);
			buildRules = (
			);
			dependencies = (
				F2E1882524AE9C8A00A2D8D6 /* PBXTargetDependency */,
			);
			name = AllTrailsLunchAppUITests;
			productName = AllTrailsLunchAppUITests;
			productReference = F2E1882324AE9C8A00A2D8D6 /* AllTrailsLunchAppUITests.xctest */;
			productType = "com.apple.product-type.bundle.ui-testing";
		};
/* End PBXNativeTarget section */

/* Begin PBXProject section */
		F2E187FA24AE9C8800A2D8D6 /* Project object */ = {
			isa = PBXProject;
			attributes = {
				LastSwiftUpdateCheck = 1150;
				LastUpgradeCheck = 1150;
				ORGANIZATIONNAME = "Eden Shapiro";
				TargetAttributes = {
					F2E1880124AE9C8800A2D8D6 = {
						CreatedOnToolsVersion = 11.5;
					};
					F2E1881724AE9C8A00A2D8D6 = {
						CreatedOnToolsVersion = 11.5;
						TestTargetID = F2E1880124AE9C8800A2D8D6;
					};
					F2E1882224AE9C8A00A2D8D6 = {
						CreatedOnToolsVersion = 11.5;
						TestTargetID = F2E1880124AE9C8800A2D8D6;
					};
				};
			};
			buildConfigurationList = F2E187FD24AE9C8800A2D8D6 /* Build configuration list for PBXProject "AllTrailsLunchApp" */;
			compatibilityVersion = "Xcode 9.3";
			developmentRegion = en;
			hasScannedForEncodings = 0;
			knownRegions = (
				en,
				Base,
			);
			mainGroup = F2E187F924AE9C8800A2D8D6;
			productRefGroup = F2E1880324AE9C8800A2D8D6 /* Products */;
			projectDirPath = "";
			projectRoot = "";
			targets = (
				F2E1880124AE9C8800A2D8D6 /* AllTrailsLunchApp */,
				F2E1881724AE9C8A00A2D8D6 /* AllTrailsLunchAppTests */,
				F2E1882224AE9C8A00A2D8D6 /* AllTrailsLunchAppUITests */,
			);
		};
/* End PBXProject section */

/* Begin PBXResourcesBuildPhase section */
		F2E1880024AE9C8800A2D8D6 /* Resources */ = {
			isa = PBXResourcesBuildPhase;
			buildActionMask = 2147483647;
			files = (
				F2E1881224AE9C8A00A2D8D6 /* LaunchScreen.storyboard in Resources */,
				F2C2D35224AFBB9C0057EB9A /* Proxima-Nova-Bold.otf in Resources */,
				F2C2D35324AFBB9C0057EB9A /* Proxima-Nova-Regular.otf in Resources */,
				F2E1884024AE9CBF00A2D8D6 /* Main.storyboard in Resources */,
				F2E1883E24AE9CBF00A2D8D6 /* APIKeys.plist in Resources */,
				F2E1884224AE9CBF00A2D8D6 /* Colors.xcassets in Resources */,
				F2E1884624AE9DE800A2D8D6 /* Assets.xcassets in Resources */,
			);
			runOnlyForDeploymentPostprocessing = 0;
		};
		F2E1881624AE9C8A00A2D8D6 /* Resources */ = {
			isa = PBXResourcesBuildPhase;
			buildActionMask = 2147483647;
			files = (
			);
			runOnlyForDeploymentPostprocessing = 0;
		};
		F2E1882124AE9C8A00A2D8D6 /* Resources */ = {
			isa = PBXResourcesBuildPhase;
			buildActionMask = 2147483647;
			files = (
			);
			runOnlyForDeploymentPostprocessing = 0;
		};
/* End PBXResourcesBuildPhase section */

/* Begin PBXShellScriptBuildPhase section */
		A8361433F238F10A8A7FB759 /* [CP] Copy Pods Resources */ = {
			isa = PBXShellScriptBuildPhase;
			buildActionMask = 2147483647;
			files = (
			);
			inputFileListPaths = (
				"${PODS_ROOT}/Target Support Files/Pods-AllTrailsLunchApp-AllTrailsLunchAppUITests/Pods-AllTrailsLunchApp-AllTrailsLunchAppUITests-resources-${CONFIGURATION}-input-files.xcfilelist",
			);
			name = "[CP] Copy Pods Resources";
			outputFileListPaths = (
				"${PODS_ROOT}/Target Support Files/Pods-AllTrailsLunchApp-AllTrailsLunchAppUITests/Pods-AllTrailsLunchApp-AllTrailsLunchAppUITests-resources-${CONFIGURATION}-output-files.xcfilelist",
			);
			runOnlyForDeploymentPostprocessing = 0;
			shellPath = /bin/sh;
			shellScript = "\"${PODS_ROOT}/Target Support Files/Pods-AllTrailsLunchApp-AllTrailsLunchAppUITests/Pods-AllTrailsLunchApp-AllTrailsLunchAppUITests-resources.sh\"\n";
			showEnvVarsInLog = 0;
		};
		C30FA1D51A40800C3E92D6A0 /* [CP] Embed Pods Frameworks */ = {
			isa = PBXShellScriptBuildPhase;
			buildActionMask = 2147483647;
			files = (
			);
			inputFileListPaths = (
				"${PODS_ROOT}/Target Support Files/Pods-AllTrailsLunchApp/Pods-AllTrailsLunchApp-frameworks-${CONFIGURATION}-input-files.xcfilelist",
			);
			name = "[CP] Embed Pods Frameworks";
			outputFileListPaths = (
				"${PODS_ROOT}/Target Support Files/Pods-AllTrailsLunchApp/Pods-AllTrailsLunchApp-frameworks-${CONFIGURATION}-output-files.xcfilelist",
			);
			runOnlyForDeploymentPostprocessing = 0;
			shellPath = /bin/sh;
			shellScript = "\"${PODS_ROOT}/Target Support Files/Pods-AllTrailsLunchApp/Pods-AllTrailsLunchApp-frameworks.sh\"\n";
			showEnvVarsInLog = 0;
		};
		D60FAE948F7BDFE7086F855B /* [CP] Check Pods Manifest.lock */ = {
			isa = PBXShellScriptBuildPhase;
			buildActionMask = 2147483647;
			files = (
			);
			inputFileListPaths = (
			);
			inputPaths = (
				"${PODS_PODFILE_DIR_PATH}/Podfile.lock",
				"${PODS_ROOT}/Manifest.lock",
			);
			name = "[CP] Check Pods Manifest.lock";
			outputFileListPaths = (
			);
			outputPaths = (
				"$(DERIVED_FILE_DIR)/Pods-AllTrailsLunchApp-AllTrailsLunchAppUITests-checkManifestLockResult.txt",
			);
			runOnlyForDeploymentPostprocessing = 0;
			shellPath = /bin/sh;
			shellScript = "diff \"${PODS_PODFILE_DIR_PATH}/Podfile.lock\" \"${PODS_ROOT}/Manifest.lock\" > /dev/null\nif [ $? != 0 ] ; then\n    # print error to STDERR\n    echo \"error: The sandbox is not in sync with the Podfile.lock. Run 'pod install' or update your CocoaPods installation.\" >&2\n    exit 1\nfi\n# This output is used by Xcode 'outputs' to avoid re-running this script phase.\necho \"SUCCESS\" > \"${SCRIPT_OUTPUT_FILE_0}\"\n";
			showEnvVarsInLog = 0;
		};
		EBA9AE1EA3A72CC184184FE9 /* [CP] Copy Pods Resources */ = {
			isa = PBXShellScriptBuildPhase;
			buildActionMask = 2147483647;
			files = (
			);
			inputFileListPaths = (
				"${PODS_ROOT}/Target Support Files/Pods-AllTrailsLunchApp/Pods-AllTrailsLunchApp-resources-${CONFIGURATION}-input-files.xcfilelist",
			);
			name = "[CP] Copy Pods Resources";
			outputFileListPaths = (
				"${PODS_ROOT}/Target Support Files/Pods-AllTrailsLunchApp/Pods-AllTrailsLunchApp-resources-${CONFIGURATION}-output-files.xcfilelist",
			);
			runOnlyForDeploymentPostprocessing = 0;
			shellPath = /bin/sh;
			shellScript = "\"${PODS_ROOT}/Target Support Files/Pods-AllTrailsLunchApp/Pods-AllTrailsLunchApp-resources.sh\"\n";
			showEnvVarsInLog = 0;
		};
		EBC3C5B450D1E0AB95ADD67E /* [CP] Embed Pods Frameworks */ = {
			isa = PBXShellScriptBuildPhase;
			buildActionMask = 2147483647;
			files = (
			);
			inputFileListPaths = (
				"${PODS_ROOT}/Target Support Files/Pods-AllTrailsLunchApp-AllTrailsLunchAppUITests/Pods-AllTrailsLunchApp-AllTrailsLunchAppUITests-frameworks-${CONFIGURATION}-input-files.xcfilelist",
			);
			name = "[CP] Embed Pods Frameworks";
			outputFileListPaths = (
				"${PODS_ROOT}/Target Support Files/Pods-AllTrailsLunchApp-AllTrailsLunchAppUITests/Pods-AllTrailsLunchApp-AllTrailsLunchAppUITests-frameworks-${CONFIGURATION}-output-files.xcfilelist",
			);
			runOnlyForDeploymentPostprocessing = 0;
			shellPath = /bin/sh;
			shellScript = "\"${PODS_ROOT}/Target Support Files/Pods-AllTrailsLunchApp-AllTrailsLunchAppUITests/Pods-AllTrailsLunchApp-AllTrailsLunchAppUITests-frameworks.sh\"\n";
			showEnvVarsInLog = 0;
		};
		FBFECBA2AFC0E34986B4E9A6 /* [CP] Check Pods Manifest.lock */ = {
			isa = PBXShellScriptBuildPhase;
			buildActionMask = 2147483647;
			files = (
			);
			inputFileListPaths = (
			);
			inputPaths = (
				"${PODS_PODFILE_DIR_PATH}/Podfile.lock",
				"${PODS_ROOT}/Manifest.lock",
			);
			name = "[CP] Check Pods Manifest.lock";
			outputFileListPaths = (
			);
			outputPaths = (
				"$(DERIVED_FILE_DIR)/Pods-AllTrailsLunchApp-checkManifestLockResult.txt",
			);
			runOnlyForDeploymentPostprocessing = 0;
			shellPath = /bin/sh;
			shellScript = "diff \"${PODS_PODFILE_DIR_PATH}/Podfile.lock\" \"${PODS_ROOT}/Manifest.lock\" > /dev/null\nif [ $? != 0 ] ; then\n    # print error to STDERR\n    echo \"error: The sandbox is not in sync with the Podfile.lock. Run 'pod install' or update your CocoaPods installation.\" >&2\n    exit 1\nfi\n# This output is used by Xcode 'outputs' to avoid re-running this script phase.\necho \"SUCCESS\" > \"${SCRIPT_OUTPUT_FILE_0}\"\n";
			showEnvVarsInLog = 0;
		};
		FE77A1C937151B311156139C /* [CP] Check Pods Manifest.lock */ = {
			isa = PBXShellScriptBuildPhase;
			buildActionMask = 2147483647;
			files = (
			);
			inputFileListPaths = (
			);
			inputPaths = (
				"${PODS_PODFILE_DIR_PATH}/Podfile.lock",
				"${PODS_ROOT}/Manifest.lock",
			);
			name = "[CP] Check Pods Manifest.lock";
			outputFileListPaths = (
			);
			outputPaths = (
				"$(DERIVED_FILE_DIR)/Pods-AllTrailsLunchAppTests-checkManifestLockResult.txt",
			);
			runOnlyForDeploymentPostprocessing = 0;
			shellPath = /bin/sh;
			shellScript = "diff \"${PODS_PODFILE_DIR_PATH}/Podfile.lock\" \"${PODS_ROOT}/Manifest.lock\" > /dev/null\nif [ $? != 0 ] ; then\n    # print error to STDERR\n    echo \"error: The sandbox is not in sync with the Podfile.lock. Run 'pod install' or update your CocoaPods installation.\" >&2\n    exit 1\nfi\n# This output is used by Xcode 'outputs' to avoid re-running this script phase.\necho \"SUCCESS\" > \"${SCRIPT_OUTPUT_FILE_0}\"\n";
			showEnvVarsInLog = 0;
		};
/* End PBXShellScriptBuildPhase section */

/* Begin PBXSourcesBuildPhase section */
		F2E187FE24AE9C8800A2D8D6 /* Sources */ = {
			isa = PBXSourcesBuildPhase;
			buildActionMask = 2147483647;
			files = (
				F2E1880624AE9C8800A2D8D6 /* AppDelegate.swift in Sources */,
				F2C2D35D24B286EA0057EB9A /* PlaceMarker.swift in Sources */,
				F201EBE024B501C400F68F1B /* ImageCache.swift in Sources */,
				F2E1884424AE9CBF00A2D8D6 /* LocationTracker.swift in Sources */,
				F2F5AA2124AEAF8C0098473A /* APIKeys.swift in Sources */,
				F2C2D35B24B0F2A30057EB9A /* Error.swift in Sources */,
				F2C2D35524AFBFD20057EB9A /* UIColor+Extension.swift in Sources */,
				F2F5AA2324AF02C80098473A /* UIView+Extension.swift in Sources */,
				F299C8A224B6888600F7A434 /* AddToListVC.swift in Sources */,
				F2E1880824AE9C8800A2D8D6 /* SceneDelegate.swift in Sources */,
				F2C2D35724AFBFE10057EB9A /* UIFont+Extension.swift in Sources */,
				F2E1884124AE9CBF00A2D8D6 /* MapAndListVC.swift in Sources */,
				F2E1883D24AE9CBF00A2D8D6 /* Place.swift in Sources */,
				F2F5AA2824AFA27E0098473A /* UINavigationController+Extension.swift in Sources */,
				F2F5AA1F24AEA7DD0098473A /* GoogleMapsClient.swift in Sources */,
				F299C8AB24B6938A00F7A434 /* UIImageView+Extension.swift in Sources */,
				F2E1883F24AE9CBF00A2D8D6 /* GooglePlacesClient.swift in Sources */,
				F299C8AD24B693E400F7A434 /* PlaceCell.swift in Sources */,
			);
			runOnlyForDeploymentPostprocessing = 0;
		};
		F2E1881424AE9C8A00A2D8D6 /* Sources */ = {
			isa = PBXSourcesBuildPhase;
			buildActionMask = 2147483647;
			files = (
				F2E1881D24AE9C8A00A2D8D6 /* AllTrailsLunchAppTests.swift in Sources */,
			);
			runOnlyForDeploymentPostprocessing = 0;
		};
		F2E1881F24AE9C8A00A2D8D6 /* Sources */ = {
			isa = PBXSourcesBuildPhase;
			buildActionMask = 2147483647;
			files = (
				F2E1882824AE9C8A00A2D8D6 /* AllTrailsLunchAppUITests.swift in Sources */,
			);
			runOnlyForDeploymentPostprocessing = 0;
		};
/* End PBXSourcesBuildPhase section */

/* Begin PBXTargetDependency section */
		F2E1881A24AE9C8A00A2D8D6 /* PBXTargetDependency */ = {
			isa = PBXTargetDependency;
			target = F2E1880124AE9C8800A2D8D6 /* AllTrailsLunchApp */;
			targetProxy = F2E1881924AE9C8A00A2D8D6 /* PBXContainerItemProxy */;
		};
		F2E1882524AE9C8A00A2D8D6 /* PBXTargetDependency */ = {
			isa = PBXTargetDependency;
			target = F2E1880124AE9C8800A2D8D6 /* AllTrailsLunchApp */;
			targetProxy = F2E1882424AE9C8A00A2D8D6 /* PBXContainerItemProxy */;
		};
/* End PBXTargetDependency section */

/* Begin PBXVariantGroup section */
		F2E1881024AE9C8A00A2D8D6 /* LaunchScreen.storyboard */ = {
			isa = PBXVariantGroup;
			children = (
				F2E1881124AE9C8A00A2D8D6 /* Base */,
			);
			name = LaunchScreen.storyboard;
			sourceTree = "<group>";
		};
/* End PBXVariantGroup section */

/* Begin XCBuildConfiguration section */
		F2E1882A24AE9C8A00A2D8D6 /* Debug */ = {
			isa = XCBuildConfiguration;
			buildSettings = {
				ALWAYS_SEARCH_USER_PATHS = NO;
				CLANG_ANALYZER_NONNULL = YES;
				CLANG_ANALYZER_NUMBER_OBJECT_CONVERSION = YES_AGGRESSIVE;
				CLANG_CXX_LANGUAGE_STANDARD = "gnu++14";
				CLANG_CXX_LIBRARY = "libc++";
				CLANG_ENABLE_MODULES = YES;
				CLANG_ENABLE_OBJC_ARC = YES;
				CLANG_ENABLE_OBJC_WEAK = YES;
				CLANG_WARN_BLOCK_CAPTURE_AUTORELEASING = YES;
				CLANG_WARN_BOOL_CONVERSION = YES;
				CLANG_WARN_COMMA = YES;
				CLANG_WARN_CONSTANT_CONVERSION = YES;
				CLANG_WARN_DEPRECATED_OBJC_IMPLEMENTATIONS = YES;
				CLANG_WARN_DIRECT_OBJC_ISA_USAGE = YES_ERROR;
				CLANG_WARN_DOCUMENTATION_COMMENTS = YES;
				CLANG_WARN_EMPTY_BODY = YES;
				CLANG_WARN_ENUM_CONVERSION = YES;
				CLANG_WARN_INFINITE_RECURSION = YES;
				CLANG_WARN_INT_CONVERSION = YES;
				CLANG_WARN_NON_LITERAL_NULL_CONVERSION = YES;
				CLANG_WARN_OBJC_IMPLICIT_RETAIN_SELF = YES;
				CLANG_WARN_OBJC_LITERAL_CONVERSION = YES;
				CLANG_WARN_OBJC_ROOT_CLASS = YES_ERROR;
				CLANG_WARN_RANGE_LOOP_ANALYSIS = YES;
				CLANG_WARN_STRICT_PROTOTYPES = YES;
				CLANG_WARN_SUSPICIOUS_MOVE = YES;
				CLANG_WARN_UNGUARDED_AVAILABILITY = YES_AGGRESSIVE;
				CLANG_WARN_UNREACHABLE_CODE = YES;
				CLANG_WARN__DUPLICATE_METHOD_MATCH = YES;
				COPY_PHASE_STRIP = NO;
				DEBUG_INFORMATION_FORMAT = dwarf;
				ENABLE_STRICT_OBJC_MSGSEND = YES;
				ENABLE_TESTABILITY = YES;
				GCC_C_LANGUAGE_STANDARD = gnu11;
				GCC_DYNAMIC_NO_PIC = NO;
				GCC_NO_COMMON_BLOCKS = YES;
				GCC_OPTIMIZATION_LEVEL = 0;
				GCC_PREPROCESSOR_DEFINITIONS = (
					"DEBUG=1",
					"$(inherited)",
				);
				GCC_WARN_64_TO_32_BIT_CONVERSION = YES;
				GCC_WARN_ABOUT_RETURN_TYPE = YES_ERROR;
				GCC_WARN_UNDECLARED_SELECTOR = YES;
				GCC_WARN_UNINITIALIZED_AUTOS = YES_AGGRESSIVE;
				GCC_WARN_UNUSED_FUNCTION = YES;
				GCC_WARN_UNUSED_VARIABLE = YES;
				IPHONEOS_DEPLOYMENT_TARGET = 13.5;
				MTL_ENABLE_DEBUG_INFO = INCLUDE_SOURCE;
				MTL_FAST_MATH = YES;
				ONLY_ACTIVE_ARCH = YES;
				SDKROOT = iphoneos;
				SWIFT_ACTIVE_COMPILATION_CONDITIONS = DEBUG;
				SWIFT_OPTIMIZATION_LEVEL = "-Onone";
			};
			name = Debug;
		};
		F2E1882B24AE9C8A00A2D8D6 /* Release */ = {
			isa = XCBuildConfiguration;
			buildSettings = {
				ALWAYS_SEARCH_USER_PATHS = NO;
				CLANG_ANALYZER_NONNULL = YES;
				CLANG_ANALYZER_NUMBER_OBJECT_CONVERSION = YES_AGGRESSIVE;
				CLANG_CXX_LANGUAGE_STANDARD = "gnu++14";
				CLANG_CXX_LIBRARY = "libc++";
				CLANG_ENABLE_MODULES = YES;
				CLANG_ENABLE_OBJC_ARC = YES;
				CLANG_ENABLE_OBJC_WEAK = YES;
				CLANG_WARN_BLOCK_CAPTURE_AUTORELEASING = YES;
				CLANG_WARN_BOOL_CONVERSION = YES;
				CLANG_WARN_COMMA = YES;
				CLANG_WARN_CONSTANT_CONVERSION = YES;
				CLANG_WARN_DEPRECATED_OBJC_IMPLEMENTATIONS = YES;
				CLANG_WARN_DIRECT_OBJC_ISA_USAGE = YES_ERROR;
				CLANG_WARN_DOCUMENTATION_COMMENTS = YES;
				CLANG_WARN_EMPTY_BODY = YES;
				CLANG_WARN_ENUM_CONVERSION = YES;
				CLANG_WARN_INFINITE_RECURSION = YES;
				CLANG_WARN_INT_CONVERSION = YES;
				CLANG_WARN_NON_LITERAL_NULL_CONVERSION = YES;
				CLANG_WARN_OBJC_IMPLICIT_RETAIN_SELF = YES;
				CLANG_WARN_OBJC_LITERAL_CONVERSION = YES;
				CLANG_WARN_OBJC_ROOT_CLASS = YES_ERROR;
				CLANG_WARN_RANGE_LOOP_ANALYSIS = YES;
				CLANG_WARN_STRICT_PROTOTYPES = YES;
				CLANG_WARN_SUSPICIOUS_MOVE = YES;
				CLANG_WARN_UNGUARDED_AVAILABILITY = YES_AGGRESSIVE;
				CLANG_WARN_UNREACHABLE_CODE = YES;
				CLANG_WARN__DUPLICATE_METHOD_MATCH = YES;
				COPY_PHASE_STRIP = NO;
				DEBUG_INFORMATION_FORMAT = "dwarf-with-dsym";
				ENABLE_NS_ASSERTIONS = NO;
				ENABLE_STRICT_OBJC_MSGSEND = YES;
				GCC_C_LANGUAGE_STANDARD = gnu11;
				GCC_NO_COMMON_BLOCKS = YES;
				GCC_WARN_64_TO_32_BIT_CONVERSION = YES;
				GCC_WARN_ABOUT_RETURN_TYPE = YES_ERROR;
				GCC_WARN_UNDECLARED_SELECTOR = YES;
				GCC_WARN_UNINITIALIZED_AUTOS = YES_AGGRESSIVE;
				GCC_WARN_UNUSED_FUNCTION = YES;
				GCC_WARN_UNUSED_VARIABLE = YES;
				IPHONEOS_DEPLOYMENT_TARGET = 13.5;
				MTL_ENABLE_DEBUG_INFO = NO;
				MTL_FAST_MATH = YES;
				SDKROOT = iphoneos;
				SWIFT_COMPILATION_MODE = wholemodule;
				SWIFT_OPTIMIZATION_LEVEL = "-O";
				VALIDATE_PRODUCT = YES;
			};
			name = Release;
		};
		F2E1882D24AE9C8A00A2D8D6 /* Debug */ = {
			isa = XCBuildConfiguration;
			baseConfigurationReference = A29BF03C3EEE6692135B6CD3 /* Pods-AllTrailsLunchApp.debug.xcconfig */;
			buildSettings = {
				ASSETCATALOG_COMPILER_APPICON_NAME = AppIcon;
				CODE_SIGN_STYLE = Automatic;
				DEVELOPMENT_TEAM = 875WVS57Q6;
				INFOPLIST_FILE = AllTrailsLunchApp/Info.plist;
				LD_RUNPATH_SEARCH_PATHS = (
					"$(inherited)",
					"@executable_path/Frameworks",
				);
				PRODUCT_BUNDLE_IDENTIFIER = com.AllTrailsLunchApp;
				PRODUCT_NAME = "$(TARGET_NAME)";
				SWIFT_VERSION = 5.0;
				TARGETED_DEVICE_FAMILY = "1,2";
			};
			name = Debug;
		};
		F2E1882E24AE9C8A00A2D8D6 /* Release */ = {
			isa = XCBuildConfiguration;
			baseConfigurationReference = 80C7899A62F2F17FB54355C7 /* Pods-AllTrailsLunchApp.release.xcconfig */;
			buildSettings = {
				ASSETCATALOG_COMPILER_APPICON_NAME = AppIcon;
				CODE_SIGN_STYLE = Automatic;
				DEVELOPMENT_TEAM = 875WVS57Q6;
				INFOPLIST_FILE = AllTrailsLunchApp/Info.plist;
				LD_RUNPATH_SEARCH_PATHS = (
					"$(inherited)",
					"@executable_path/Frameworks",
				);
				PRODUCT_BUNDLE_IDENTIFIER = com.AllTrailsLunchApp;
				PRODUCT_NAME = "$(TARGET_NAME)";
				SWIFT_VERSION = 5.0;
				TARGETED_DEVICE_FAMILY = "1,2";
			};
			name = Release;
		};
		F2E1883024AE9C8A00A2D8D6 /* Debug */ = {
			isa = XCBuildConfiguration;
			baseConfigurationReference = 037D58FA5A8118AC0BB12F1C /* Pods-AllTrailsLunchAppTests.debug.xcconfig */;
			buildSettings = {
				ALWAYS_EMBED_SWIFT_STANDARD_LIBRARIES = YES;
				BUNDLE_LOADER = "$(TEST_HOST)";
				CODE_SIGN_STYLE = Automatic;
				DEVELOPMENT_TEAM = 875WVS57Q6;
				INFOPLIST_FILE = AllTrailsLunchAppTests/Info.plist;
				IPHONEOS_DEPLOYMENT_TARGET = 13.5;
				LD_RUNPATH_SEARCH_PATHS = (
					"$(inherited)",
					"@executable_path/Frameworks",
					"@loader_path/Frameworks",
				);
				PRODUCT_BUNDLE_IDENTIFIER = com.AllTrailsLunchAppTests;
				PRODUCT_NAME = "$(TARGET_NAME)";
				SWIFT_VERSION = 5.0;
				TARGETED_DEVICE_FAMILY = "1,2";
				TEST_HOST = "$(BUILT_PRODUCTS_DIR)/AllTrailsLunchApp.app/AllTrailsLunchApp";
			};
			name = Debug;
		};
		F2E1883124AE9C8A00A2D8D6 /* Release */ = {
			isa = XCBuildConfiguration;
			baseConfigurationReference = 1DA85654C142CBA86626BC6D /* Pods-AllTrailsLunchAppTests.release.xcconfig */;
			buildSettings = {
				ALWAYS_EMBED_SWIFT_STANDARD_LIBRARIES = YES;
				BUNDLE_LOADER = "$(TEST_HOST)";
				CODE_SIGN_STYLE = Automatic;
				DEVELOPMENT_TEAM = 875WVS57Q6;
				INFOPLIST_FILE = AllTrailsLunchAppTests/Info.plist;
				IPHONEOS_DEPLOYMENT_TARGET = 13.5;
				LD_RUNPATH_SEARCH_PATHS = (
					"$(inherited)",
					"@executable_path/Frameworks",
					"@loader_path/Frameworks",
				);
				PRODUCT_BUNDLE_IDENTIFIER = com.AllTrailsLunchAppTests;
				PRODUCT_NAME = "$(TARGET_NAME)";
				SWIFT_VERSION = 5.0;
				TARGETED_DEVICE_FAMILY = "1,2";
				TEST_HOST = "$(BUILT_PRODUCTS_DIR)/AllTrailsLunchApp.app/AllTrailsLunchApp";
			};
			name = Release;
		};
		F2E1883324AE9C8A00A2D8D6 /* Debug */ = {
			isa = XCBuildConfiguration;
			baseConfigurationReference = B95F996F54C4958AE8C0D467 /* Pods-AllTrailsLunchApp-AllTrailsLunchAppUITests.debug.xcconfig */;
			buildSettings = {
				ALWAYS_EMBED_SWIFT_STANDARD_LIBRARIES = YES;
				CODE_SIGN_STYLE = Automatic;
				DEVELOPMENT_TEAM = 875WVS57Q6;
				INFOPLIST_FILE = AllTrailsLunchAppUITests/Info.plist;
				LD_RUNPATH_SEARCH_PATHS = (
					"$(inherited)",
					"@executable_path/Frameworks",
					"@loader_path/Frameworks",
				);
				PRODUCT_BUNDLE_IDENTIFIER = com.AllTrailsLunchAppUITests;
				PRODUCT_NAME = "$(TARGET_NAME)";
				SWIFT_VERSION = 5.0;
				TARGETED_DEVICE_FAMILY = "1,2";
				TEST_TARGET_NAME = AllTrailsLunchApp;
			};
			name = Debug;
		};
		F2E1883424AE9C8A00A2D8D6 /* Release */ = {
			isa = XCBuildConfiguration;
			baseConfigurationReference = 50B17E32565838F6BDBB0B96 /* Pods-AllTrailsLunchApp-AllTrailsLunchAppUITests.release.xcconfig */;
			buildSettings = {
				ALWAYS_EMBED_SWIFT_STANDARD_LIBRARIES = YES;
				CODE_SIGN_STYLE = Automatic;
				DEVELOPMENT_TEAM = 875WVS57Q6;
				INFOPLIST_FILE = AllTrailsLunchAppUITests/Info.plist;
				LD_RUNPATH_SEARCH_PATHS = (
					"$(inherited)",
					"@executable_path/Frameworks",
					"@loader_path/Frameworks",
				);
				PRODUCT_BUNDLE_IDENTIFIER = com.AllTrailsLunchAppUITests;
				PRODUCT_NAME = "$(TARGET_NAME)";
				SWIFT_VERSION = 5.0;
				TARGETED_DEVICE_FAMILY = "1,2";
				TEST_TARGET_NAME = AllTrailsLunchApp;
			};
			name = Release;
		};
/* End XCBuildConfiguration section */

/* Begin XCConfigurationList section */
		F2E187FD24AE9C8800A2D8D6 /* Build configuration list for PBXProject "AllTrailsLunchApp" */ = {
			isa = XCConfigurationList;
			buildConfigurations = (
				F2E1882A24AE9C8A00A2D8D6 /* Debug */,
				F2E1882B24AE9C8A00A2D8D6 /* Release */,
			);
			defaultConfigurationIsVisible = 0;
			defaultConfigurationName = Release;
		};
		F2E1882C24AE9C8A00A2D8D6 /* Build configuration list for PBXNativeTarget "AllTrailsLunchApp" */ = {
			isa = XCConfigurationList;
			buildConfigurations = (
				F2E1882D24AE9C8A00A2D8D6 /* Debug */,
				F2E1882E24AE9C8A00A2D8D6 /* Release */,
			);
			defaultConfigurationIsVisible = 0;
			defaultConfigurationName = Release;
		};
		F2E1882F24AE9C8A00A2D8D6 /* Build configuration list for PBXNativeTarget "AllTrailsLunchAppTests" */ = {
			isa = XCConfigurationList;
			buildConfigurations = (
				F2E1883024AE9C8A00A2D8D6 /* Debug */,
				F2E1883124AE9C8A00A2D8D6 /* Release */,
			);
			defaultConfigurationIsVisible = 0;
			defaultConfigurationName = Release;
		};
		F2E1883224AE9C8A00A2D8D6 /* Build configuration list for PBXNativeTarget "AllTrailsLunchAppUITests" */ = {
			isa = XCConfigurationList;
			buildConfigurations = (
				F2E1883324AE9C8A00A2D8D6 /* Debug */,
				F2E1883424AE9C8A00A2D8D6 /* Release */,
			);
			defaultConfigurationIsVisible = 0;
			defaultConfigurationName = Release;
		};
/* End XCConfigurationList section */
	};
	rootObject = F2E187FA24AE9C8800A2D8D6 /* Project object */;
}
